
Microsoft Visual Studio Solution File, Format Version 12.00
# Visual Studio Version 17
VisualStudioVersion = 17.3.32901.215
MinimumVisualStudioVersion = 10.0.40219.1
Project("{8BC9CEB8-8B4A-11D0-8D11-00A0C91BC942}") = "pizza_project", "pizza_project\pizza_project.vcxproj", "{EFCD5DB8-EEF2-4354-B66D-43CEEE42EDE2}"
EndProject
Global
	GlobalSection(SolutionConfigurationPlatforms) = preSolution
		Debug|x64 = Debug|x64
		Debug|x86 = Debug|x86
		Release|x64 = Release|x64
		Release|x86 = Release|x86
	EndGlobalSection
	GlobalSection(ProjectConfigurationPlatforms) = postSolution
		{EFCD5DB8-EEF2-4354-B66D-43CEEE42EDE2}.Debug|x64.ActiveCfg = Debug|x64
		{EFCD5DB8-EEF2-4354-B66D-43CEEE42EDE2}.Debug|x64.Build.0 = Debug|x64
		{EFCD5DB8-EEF2-4354-B66D-43CEEE42EDE2}.Debug|x86.ActiveCfg = Debug|Win32
		{EFCD5DB8-EEF2-4354-B66D-43CEEE42EDE2}.Debug|x86.Build.0 = Debug|Win32
		{EFCD5DB8-EEF2-4354-B66D-43CEEE42EDE2}.Release|x64.ActiveCfg = Release|x64
		{EFCD5DB8-EEF2-4354-B66D-43CEEE42EDE2}.Release|x64.Build.0 = Release|x64
		{EFCD5DB8-EEF2-4354-B66D-43CEEE42EDE2}.Release|x86.ActiveCfg = Release|Win32
		{EFCD5DB8-EEF2-4354-B66D-43CEEE42EDE2}.Release|x86.Build.0 = Release|Win32
	EndGlobalSection
	GlobalSection(SolutionProperties) = preSolution
		HideSolutionNode = FALSE
	EndGlobalSection
	GlobalSection(ExtensibilityGlobals) = postSolution
		SolutionGuid = {089F8E6B-72E5-4904-AFD4-D00FEE524F29}
	EndGlobalSection
EndGlobal
